// !$*UTF8*$!
{
	archiveVersion = 1;
	classes = {
	};
	objectVersion = 46;
	objects = {

/* Begin PBXBuildFile section */
		3716CA7114F1C49300417EDD /* CoreLocation.framework in Frameworks */ = {isa = PBXBuildFile; fileRef = 3716CA7014F1C49300417EDD /* CoreLocation.framework */; };
		3716CA7214F1C49A00417EDD /* CoreLocation.framework in Frameworks */ = {isa = PBXBuildFile; fileRef = 3716CA7014F1C49300417EDD /* CoreLocation.framework */; };
		373EEAF2150D574800493CE8 /* Cocoa.framework in Frameworks */ = {isa = PBXBuildFile; fileRef = 373EEAF1150D574800493CE8 /* Cocoa.framework */; };
		373EEAFC150D574800493CE8 /* InfoPlist.strings in Resources */ = {isa = PBXBuildFile; fileRef = 373EEAFA150D574800493CE8 /* InfoPlist.strings */; };
		373EEAFE150D574800493CE8 /* main.m in Sources */ = {isa = PBXBuildFile; fileRef = 373EEAFD150D574800493CE8 /* main.m */; };
		373EEB02150D574800493CE8 /* Credits.rtf in Resources */ = {isa = PBXBuildFile; fileRef = 373EEB00150D574800493CE8 /* Credits.rtf */; };
		373EEB05150D574800493CE8 /* AppDelegate.m in Sources */ = {isa = PBXBuildFile; fileRef = 373EEB04150D574800493CE8 /* AppDelegate.m */; };
		373EEB08150D574900493CE8 /* MainMenu.xib in Resources */ = {isa = PBXBuildFile; fileRef = 373EEB06150D574900493CE8 /* MainMenu.xib */; };
		373EEB10150D582300493CE8 /* SolarCalculatorTests-Info.plist in Resources */ = {isa = PBXBuildFile; fileRef = 373EEB0F150D582300493CE8 /* SolarCalculatorTests-Info.plist */; };
		377E29B614E75E2700FF0388 /* UIKit.framework in Frameworks */ = {isa = PBXBuildFile; fileRef = 377E29B514E75E2700FF0388 /* UIKit.framework */; };
		377E29B814E75E2700FF0388 /* Foundation.framework in Frameworks */ = {isa = PBXBuildFile; fileRef = 377E29B714E75E2700FF0388 /* Foundation.framework */; };
		377E29BA14E75E2700FF0388 /* CoreGraphics.framework in Frameworks */ = {isa = PBXBuildFile; fileRef = 377E29B914E75E2700FF0388 /* CoreGraphics.framework */; };
		377E29D714E75E2700FF0388 /* SenTestingKit.framework in Frameworks */ = {isa = PBXBuildFile; fileRef = 377E29D614E75E2700FF0388 /* SenTestingKit.framework */; };
		377E29D814E75E2700FF0388 /* UIKit.framework in Frameworks */ = {isa = PBXBuildFile; fileRef = 377E29B514E75E2700FF0388 /* UIKit.framework */; };
		377E29D914E75E2700FF0388 /* Foundation.framework in Frameworks */ = {isa = PBXBuildFile; fileRef = 377E29B714E75E2700FF0388 /* Foundation.framework */; };
		37F80874150D5A02003B8DAA /* InfoPlist.strings in Resources */ = {isa = PBXBuildFile; fileRef = 37F80872150D5A02003B8DAA /* InfoPlist.strings */; };
		37F80877150D5BAE003B8DAA /* FESSolarCalculator.m in Sources */ = {isa = PBXBuildFile; fileRef = 377E29EF14E75EF000FF0388 /* FESSolarCalculator.m */; };
		37F8087F150D5CCD003B8DAA /* ViewController.m in Sources */ = {isa = PBXBuildFile; fileRef = 37F8087E150D5CCD003B8DAA /* ViewController.m */; };
		37F80882150D5D04003B8DAA /* main.m in Sources */ = {isa = PBXBuildFile; fileRef = 37F80880150D5D04003B8DAA /* main.m */; };
		37F80883150D5D04003B8DAA /* AppDelegate.m in Sources */ = {isa = PBXBuildFile; fileRef = 37F80881150D5D04003B8DAA /* AppDelegate.m */; };
		37F8088A150D5D6B003B8DAA /* InfoPlist.strings in Resources */ = {isa = PBXBuildFile; fileRef = 37F80884150D5D6B003B8DAA /* InfoPlist.strings */; };
		37F8088C150D5D6B003B8DAA /* MainStoryboard_iPhone.storyboard in Resources */ = {isa = PBXBuildFile; fileRef = 37F80888150D5D6B003B8DAA /* MainStoryboard_iPhone.storyboard */; };
		37F8088D150D5E40003B8DAA /* FESSolarCalculator.m in Sources */ = {isa = PBXBuildFile; fileRef = 377E29EF14E75EF000FF0388 /* FESSolarCalculator.m */; };
/* End PBXBuildFile section */

/* Begin PBXContainerItemProxy section */
		377E29DA14E75E2700FF0388 /* PBXContainerItemProxy */ = {
			isa = PBXContainerItemProxy;
			containerPortal = 377E29A814E75E2600FF0388 /* Project object */;
			proxyType = 1;
			remoteGlobalIDString = 377E29B014E75E2700FF0388;
			remoteInfo = SolarCalculatorExample;
		};
/* End PBXContainerItemProxy section */

/* Begin PBXFileReference section */
		3716CA7014F1C49300417EDD /* CoreLocation.framework */ = {isa = PBXFileReference; lastKnownFileType = wrapper.framework; name = CoreLocation.framework; path = System/Library/Frameworks/CoreLocation.framework; sourceTree = SDKROOT; };
		373EEAEF150D574800493CE8 /* MacOS_Example.app */ = {isa = PBXFileReference; explicitFileType = wrapper.application; includeInIndex = 0; path = MacOS_Example.app; sourceTree = BUILT_PRODUCTS_DIR; };
		373EEAF1150D574800493CE8 /* Cocoa.framework */ = {isa = PBXFileReference; lastKnownFileType = wrapper.framework; name = Cocoa.framework; path = Library/Frameworks/Cocoa.framework; sourceTree = DEVELOPER_DIR; };
		373EEAF4150D574800493CE8 /* AppKit.framework */ = {isa = PBXFileReference; lastKnownFileType = wrapper.framework; name = AppKit.framework; path = Library/Frameworks/AppKit.framework; sourceTree = SDKROOT; };
		373EEAF5150D574800493CE8 /* CoreData.framework */ = {isa = PBXFileReference; lastKnownFileType = wrapper.framework; name = CoreData.framework; path = Library/Frameworks/CoreData.framework; sourceTree = SDKROOT; };
		373EEAF6150D574800493CE8 /* Foundation.framework */ = {isa = PBXFileReference; lastKnownFileType = wrapper.framework; name = Foundation.framework; path = Library/Frameworks/Foundation.framework; sourceTree = SDKROOT; };
		373EEAF9150D574800493CE8 /* MacOS_Example-Info.plist */ = {isa = PBXFileReference; lastKnownFileType = text.plist.xml; path = "MacOS_Example-Info.plist"; sourceTree = "<group>"; };
		373EEAFB150D574800493CE8 /* en */ = {isa = PBXFileReference; lastKnownFileType = text.plist.strings; name = en; path = en.lproj/InfoPlist.strings; sourceTree = "<group>"; };
		373EEAFD150D574800493CE8 /* main.m */ = {isa = PBXFileReference; lastKnownFileType = sourcecode.c.objc; path = main.m; sourceTree = "<group>"; };
		373EEAFF150D574800493CE8 /* MacOS_Example-Prefix.pch */ = {isa = PBXFileReference; lastKnownFileType = sourcecode.c.h; path = "MacOS_Example-Prefix.pch"; sourceTree = "<group>"; };
		373EEB01150D574800493CE8 /* en */ = {isa = PBXFileReference; lastKnownFileType = text.rtf; name = en; path = en.lproj/Credits.rtf; sourceTree = "<group>"; };
		373EEB03150D574800493CE8 /* AppDelegate.h */ = {isa = PBXFileReference; lastKnownFileType = sourcecode.c.h; path = AppDelegate.h; sourceTree = "<group>"; };
		373EEB04150D574800493CE8 /* AppDelegate.m */ = {isa = PBXFileReference; lastKnownFileType = sourcecode.c.objc; path = AppDelegate.m; sourceTree = "<group>"; };
		373EEB07150D574900493CE8 /* en */ = {isa = PBXFileReference; lastKnownFileType = file.xib; name = en; path = en.lproj/MainMenu.xib; sourceTree = "<group>"; };
		373EEB0C150D580500493CE8 /* SolarCalculatorTests.h */ = {isa = PBXFileReference; fileEncoding = 4; lastKnownFileType = sourcecode.c.h; name = SolarCalculatorTests.h; path = SolarCalculatorTests/SolarCalculatorTests.h; sourceTree = SOURCE_ROOT; };
		373EEB0D150D580500493CE8 /* SolarCalculatorTests.m */ = {isa = PBXFileReference; fileEncoding = 4; lastKnownFileType = sourcecode.c.objc; name = SolarCalculatorTests.m; path = SolarCalculatorTests/SolarCalculatorTests.m; sourceTree = SOURCE_ROOT; };
		373EEB0F150D582300493CE8 /* SolarCalculatorTests-Info.plist */ = {isa = PBXFileReference; fileEncoding = 4; lastKnownFileType = text.plist.xml; name = "SolarCalculatorTests-Info.plist"; path = "SolarCalculatorTests/SolarCalculatorTests-Info.plist"; sourceTree = SOURCE_ROOT; };
		377E29B114E75E2700FF0388 /* iOS_Example.app */ = {isa = PBXFileReference; explicitFileType = wrapper.application; includeInIndex = 0; path = iOS_Example.app; sourceTree = BUILT_PRODUCTS_DIR; };
		377E29B514E75E2700FF0388 /* UIKit.framework */ = {isa = PBXFileReference; lastKnownFileType = wrapper.framework; name = UIKit.framework; path = System/Library/Frameworks/UIKit.framework; sourceTree = SDKROOT; };
		377E29B714E75E2700FF0388 /* Foundation.framework */ = {isa = PBXFileReference; lastKnownFileType = wrapper.framework; name = Foundation.framework; path = System/Library/Frameworks/Foundation.framework; sourceTree = SDKROOT; };
		377E29B914E75E2700FF0388 /* CoreGraphics.framework */ = {isa = PBXFileReference; lastKnownFileType = wrapper.framework; name = CoreGraphics.framework; path = System/Library/Frameworks/CoreGraphics.framework; sourceTree = SDKROOT; };
		377E29BD14E75E2700FF0388 /* iOS_Example-Info.plist */ = {isa = PBXFileReference; lastKnownFileType = text.plist; name = "iOS_Example-Info.plist"; path = "iOS_Example/iOS_Example-Info.plist"; sourceTree = "<group>"; };
		377E29C414E75E2700FF0388 /* AppDelegate.h */ = {isa = PBXFileReference; lastKnownFileType = sourcecode.c.h; name = AppDelegate.h; path = iOS_Example/AppDelegate.h; sourceTree = "<group>"; };
		377E29CD14E75E2700FF0388 /* ViewController.h */ = {isa = PBXFileReference; lastKnownFileType = sourcecode.c.h; name = ViewController.h; path = iOS_Example/ViewController.h; sourceTree = "<group>"; };
		377E29D514E75E2700FF0388 /* SolarCalculatorTests.octest */ = {isa = PBXFileReference; explicitFileType = wrapper.cfbundle; includeInIndex = 0; path = SolarCalculatorTests.octest; sourceTree = BUILT_PRODUCTS_DIR; };
		377E29D614E75E2700FF0388 /* SenTestingKit.framework */ = {isa = PBXFileReference; lastKnownFileType = wrapper.framework; name = SenTestingKit.framework; path = Library/Frameworks/SenTestingKit.framework; sourceTree = DEVELOPER_DIR; };
		377E29EE14E75EF000FF0388 /* FESSolarCalculator.h */ = {isa = PBXFileReference; fileEncoding = 4; lastKnownFileType = sourcecode.c.h; name = FESSolarCalculator.h; path = ../Source/FESSolarCalculator.h; sourceTree = "<group>"; };
		377E29EF14E75EF000FF0388 /* FESSolarCalculator.m */ = {isa = PBXFileReference; fileEncoding = 4; lastKnownFileType = sourcecode.c.objc; name = FESSolarCalculator.m; path = ../Source/FESSolarCalculator.m; sourceTree = "<group>"; };
		37F80873150D5A02003B8DAA /* en */ = {isa = PBXFileReference; lastKnownFileType = text.plist.strings; name = en; path = SolarCalculatorTests/en.lproj/InfoPlist.strings; sourceTree = SOURCE_ROOT; };
		37F8087D150D5CCD003B8DAA /* iOS_Example-Prefix.pch */ = {isa = PBXFileReference; fileEncoding = 4; lastKnownFileType = sourcecode.c.h; name = "iOS_Example-Prefix.pch"; path = "iOS_Example/iOS_Example-Prefix.pch"; sourceTree = SOURCE_ROOT; };
		37F8087E150D5CCD003B8DAA /* ViewController.m */ = {isa = PBXFileReference; fileEncoding = 4; lastKnownFileType = sourcecode.c.objc; name = ViewController.m; path = iOS_Example/ViewController.m; sourceTree = SOURCE_ROOT; };
		37F80880150D5D04003B8DAA /* main.m */ = {isa = PBXFileReference; fileEncoding = 4; lastKnownFileType = sourcecode.c.objc; name = main.m; path = iOS_Example/main.m; sourceTree = SOURCE_ROOT; };
		37F80881150D5D04003B8DAA /* AppDelegate.m */ = {isa = PBXFileReference; fileEncoding = 4; lastKnownFileType = sourcecode.c.objc; name = AppDelegate.m; path = iOS_Example/AppDelegate.m; sourceTree = SOURCE_ROOT; };
		37F80885150D5D6B003B8DAA /* en */ = {isa = PBXFileReference; lastKnownFileType = text.plist.strings; name = en; path = iOS_Example/en.lproj/InfoPlist.strings; sourceTree = SOURCE_ROOT; };
		37F80889150D5D6B003B8DAA /* en */ = {isa = PBXFileReference; lastKnownFileType = file.storyboard; name = en; path = iOS_Example/en.lproj/MainStoryboard_iPhone.storyboard; sourceTree = SOURCE_ROOT; };
/* End PBXFileReference section */

/* Begin PBXFrameworksBuildPhase section */
		373EEAEC150D574800493CE8 /* Frameworks */ = {
			isa = PBXFrameworksBuildPhase;
			buildActionMask = 2147483647;
			files = (
				373EEAF2150D574800493CE8 /* Cocoa.framework in Frameworks */,
			);
			runOnlyForDeploymentPostprocessing = 0;
		};
		377E29AE14E75E2700FF0388 /* Frameworks */ = {
			isa = PBXFrameworksBuildPhase;
			buildActionMask = 2147483647;
			files = (
				3716CA7214F1C49A00417EDD /* CoreLocation.framework in Frameworks */,
				377E29B614E75E2700FF0388 /* UIKit.framework in Frameworks */,
				377E29B814E75E2700FF0388 /* Foundation.framework in Frameworks */,
				377E29BA14E75E2700FF0388 /* CoreGraphics.framework in Frameworks */,
			);
			runOnlyForDeploymentPostprocessing = 0;
		};
		377E29D114E75E2700FF0388 /* Frameworks */ = {
			isa = PBXFrameworksBuildPhase;
			buildActionMask = 2147483647;
			files = (
				3716CA7114F1C49300417EDD /* CoreLocation.framework in Frameworks */,
				377E29D714E75E2700FF0388 /* SenTestingKit.framework in Frameworks */,
				377E29D814E75E2700FF0388 /* UIKit.framework in Frameworks */,
				377E29D914E75E2700FF0388 /* Foundation.framework in Frameworks */,
			);
			runOnlyForDeploymentPostprocessing = 0;
		};
/* End PBXFrameworksBuildPhase section */

/* Begin PBXGroup section */
		373EEAF3150D574800493CE8 /* Other Frameworks */ = {
			isa = PBXGroup;
			children = (
				373EEAF4150D574800493CE8 /* AppKit.framework */,
				373EEAF5150D574800493CE8 /* CoreData.framework */,
				373EEAF6150D574800493CE8 /* Foundation.framework */,
			);
			name = "Other Frameworks";
			sourceTree = "<group>";
		};
		373EEAF7150D574800493CE8 /* MacOS_Example */ = {
			isa = PBXGroup;
			children = (
				373EEB03150D574800493CE8 /* AppDelegate.h */,
				373EEB04150D574800493CE8 /* AppDelegate.m */,
				373EEB06150D574900493CE8 /* MainMenu.xib */,
				373EEAF8150D574800493CE8 /* Supporting Files */,
			);
			path = MacOS_Example;
			sourceTree = "<group>";
		};
		373EEAF8150D574800493CE8 /* Supporting Files */ = {
			isa = PBXGroup;
			children = (
				373EEAF9150D574800493CE8 /* MacOS_Example-Info.plist */,
				373EEAFA150D574800493CE8 /* InfoPlist.strings */,
				373EEAFD150D574800493CE8 /* main.m */,
				373EEAFF150D574800493CE8 /* MacOS_Example-Prefix.pch */,
				373EEB00150D574800493CE8 /* Credits.rtf */,
			);
			name = "Supporting Files";
			sourceTree = "<group>";
		};
		377E29A614E75E2600FF0388 = {
			isa = PBXGroup;
			children = (
				3716CA7014F1C49300417EDD /* CoreLocation.framework */,
				377E29ED14E75EAC00FF0388 /* FESSolarCalculator */,
				377E29BB14E75E2700FF0388 /* iOS_Example */,
				373EEAF7150D574800493CE8 /* MacOS_Example */,
				377E29DC14E75E2700FF0388 /* SolarCalculatorTests */,
				377E29B414E75E2700FF0388 /* Frameworks */,
				377E29B214E75E2700FF0388 /* Products */,
			);
			sourceTree = "<group>";
		};
		377E29B214E75E2700FF0388 /* Products */ = {
			isa = PBXGroup;
			children = (
				377E29B114E75E2700FF0388 /* iOS_Example.app */,
				377E29D514E75E2700FF0388 /* SolarCalculatorTests.octest */,
				373EEAEF150D574800493CE8 /* MacOS_Example.app */,
			);
			name = Products;
			sourceTree = "<group>";
		};
		377E29B414E75E2700FF0388 /* Frameworks */ = {
			isa = PBXGroup;
			children = (
				377E29B514E75E2700FF0388 /* UIKit.framework */,
				377E29B714E75E2700FF0388 /* Foundation.framework */,
				377E29B914E75E2700FF0388 /* CoreGraphics.framework */,
				377E29D614E75E2700FF0388 /* SenTestingKit.framework */,
				373EEAF1150D574800493CE8 /* Cocoa.framework */,
				373EEAF3150D574800493CE8 /* Other Frameworks */,
			);
			name = Frameworks;
			sourceTree = "<group>";
		};
		377E29BB14E75E2700FF0388 /* iOS_Example */ = {
			isa = PBXGroup;
			children = (
				37F80888150D5D6B003B8DAA /* MainStoryboard_iPhone.storyboard */,
				377E29C414E75E2700FF0388 /* AppDelegate.h */,
				37F80881150D5D04003B8DAA /* AppDelegate.m */,
				377E29CD14E75E2700FF0388 /* ViewController.h */,
				37F8087E150D5CCD003B8DAA /* ViewController.m */,
				377E29BC14E75E2700FF0388 /* Supporting Files */,
			);
			name = iOS_Example;
			path = SolarCalculatorExample;
			sourceTree = "<group>";
		};
		377E29BC14E75E2700FF0388 /* Supporting Files */ = {
			isa = PBXGroup;
			children = (
				37F80880150D5D04003B8DAA /* main.m */,
				37F8087D150D5CCD003B8DAA /* iOS_Example-Prefix.pch */,
				377E29BD14E75E2700FF0388 /* iOS_Example-Info.plist */,
				37F80884150D5D6B003B8DAA /* InfoPlist.strings */,
			);
			name = "Supporting Files";
			sourceTree = "<group>";
		};
		377E29DC14E75E2700FF0388 /* SolarCalculatorTests */ = {
			isa = PBXGroup;
			children = (
				373EEB0C150D580500493CE8 /* SolarCalculatorTests.h */,
				373EEB0D150D580500493CE8 /* SolarCalculatorTests.m */,
				377E29DD14E75E2700FF0388 /* Supporting Files */,
			);
			name = SolarCalculatorTests;
			path = SolarCalculatorExampleTests;
			sourceTree = "<group>";
		};
		377E29DD14E75E2700FF0388 /* Supporting Files */ = {
			isa = PBXGroup;
			children = (
				373EEB0F150D582300493CE8 /* SolarCalculatorTests-Info.plist */,
				37F80872150D5A02003B8DAA /* InfoPlist.strings */,
			);
			name = "Supporting Files";
			sourceTree = "<group>";
		};
		377E29ED14E75EAC00FF0388 /* FESSolarCalculator */ = {
			isa = PBXGroup;
			children = (
				377E29EE14E75EF000FF0388 /* FESSolarCalculator.h */,
				377E29EF14E75EF000FF0388 /* FESSolarCalculator.m */,
			);
			name = FESSolarCalculator;
			sourceTree = "<group>";
		};
/* End PBXGroup section */

/* Begin PBXNativeTarget section */
		373EEAEE150D574800493CE8 /* MacOS_Example */ = {
			isa = PBXNativeTarget;
			buildConfigurationList = 373EEB09150D574900493CE8 /* Build configuration list for PBXNativeTarget "MacOS_Example" */;
			buildPhases = (
				373EEAEB150D574800493CE8 /* Sources */,
				373EEAEC150D574800493CE8 /* Frameworks */,
				373EEAED150D574800493CE8 /* Resources */,
			);
			buildRules = (
			);
			dependencies = (
			);
			name = MacOS_Example;
			productName = MacOS_Example;
			productReference = 373EEAEF150D574800493CE8 /* MacOS_Example.app */;
			productType = "com.apple.product-type.application";
		};
		377E29B014E75E2700FF0388 /* iOS_Example */ = {
			isa = PBXNativeTarget;
			buildConfigurationList = 377E29E714E75E2700FF0388 /* Build configuration list for PBXNativeTarget "iOS_Example" */;
			buildPhases = (
				377E29AD14E75E2700FF0388 /* Sources */,
				377E29AE14E75E2700FF0388 /* Frameworks */,
				377E29AF14E75E2700FF0388 /* Resources */,
			);
			buildRules = (
			);
			dependencies = (
			);
			name = iOS_Example;
			productName = SolarCalculatorExample;
			productReference = 377E29B114E75E2700FF0388 /* iOS_Example.app */;
			productType = "com.apple.product-type.application";
		};
		377E29D414E75E2700FF0388 /* SolarCalculatorTests */ = {
			isa = PBXNativeTarget;
			buildConfigurationList = 377E29EA14E75E2700FF0388 /* Build configuration list for PBXNativeTarget "SolarCalculatorTests" */;
			buildPhases = (
				377E29D014E75E2700FF0388 /* Sources */,
				377E29D114E75E2700FF0388 /* Frameworks */,
				377E29D214E75E2700FF0388 /* Resources */,
				377E29D314E75E2700FF0388 /* ShellScript */,
			);
			buildRules = (
			);
			dependencies = (
				377E29DB14E75E2700FF0388 /* PBXTargetDependency */,
			);
			name = SolarCalculatorTests;
			productName = SolarCalculatorExampleTests;
			productReference = 377E29D514E75E2700FF0388 /* SolarCalculatorTests.octest */;
			productType = "com.apple.product-type.bundle";
		};
/* End PBXNativeTarget section */

/* Begin PBXProject section */
		377E29A814E75E2600FF0388 /* Project object */ = {
			isa = PBXProject;
			attributes = {
				LastUpgradeCheck = 0430;
			};
			buildConfigurationList = 377E29AB14E75E2600FF0388 /* Build configuration list for PBXProject "SolarCalculatorExample" */;
			compatibilityVersion = "Xcode 3.2";
			developmentRegion = English;
			hasScannedForEncodings = 0;
			knownRegions = (
				en,
				ja,
			);
			mainGroup = 377E29A614E75E2600FF0388;
			productRefGroup = 377E29B214E75E2700FF0388 /* Products */;
			projectDirPath = "";
			projectRoot = "";
			targets = (
				377E29B014E75E2700FF0388 /* iOS_Example */,
				373EEAEE150D574800493CE8 /* MacOS_Example */,
				377E29D414E75E2700FF0388 /* SolarCalculatorTests */,
			);
		};
/* End PBXProject section */

/* Begin PBXResourcesBuildPhase section */
		373EEAED150D574800493CE8 /* Resources */ = {
			isa = PBXResourcesBuildPhase;
			buildActionMask = 2147483647;
			files = (
				373EEAFC150D574800493CE8 /* InfoPlist.strings in Resources */,
				373EEB02150D574800493CE8 /* Credits.rtf in Resources */,
				373EEB08150D574900493CE8 /* MainMenu.xib in Resources */,
			);
			runOnlyForDeploymentPostprocessing = 0;
		};
		377E29AF14E75E2700FF0388 /* Resources */ = {
			isa = PBXResourcesBuildPhase;
			buildActionMask = 2147483647;
			files = (
				373EEB10150D582300493CE8 /* SolarCalculatorTests-Info.plist in Resources */,
				37F80874150D5A02003B8DAA /* InfoPlist.strings in Resources */,
				37F8088A150D5D6B003B8DAA /* InfoPlist.strings in Resources */,
				37F8088C150D5D6B003B8DAA /* MainStoryboard_iPhone.storyboard in Resources */,
			);
			runOnlyForDeploymentPostprocessing = 0;
		};
		377E29D214E75E2700FF0388 /* Resources */ = {
			isa = PBXResourcesBuildPhase;
			buildActionMask = 2147483647;
			files = (
			);
			runOnlyForDeploymentPostprocessing = 0;
		};
/* End PBXResourcesBuildPhase section */

/* Begin PBXShellScriptBuildPhase section */
		377E29D314E75E2700FF0388 /* ShellScript */ = {
			isa = PBXShellScriptBuildPhase;
			buildActionMask = 2147483647;
			files = (
			);
			inputPaths = (
			);
			outputPaths = (
			);
			runOnlyForDeploymentPostprocessing = 0;
			shellPath = /bin/sh;
			shellScript = "# Run the unit tests in this test bundle.\n\"${SYSTEM_DEVELOPER_DIR}/Tools/RunUnitTests\"\n";
		};
/* End PBXShellScriptBuildPhase section */

/* Begin PBXSourcesBuildPhase section */
		373EEAEB150D574800493CE8 /* Sources */ = {
			isa = PBXSourcesBuildPhase;
			buildActionMask = 2147483647;
			files = (
				373EEAFE150D574800493CE8 /* main.m in Sources */,
				37F8088D150D5E40003B8DAA /* FESSolarCalculator.m in Sources */,
				373EEB05150D574800493CE8 /* AppDelegate.m in Sources */,
			);
			runOnlyForDeploymentPostprocessing = 0;
		};
		377E29AD14E75E2700FF0388 /* Sources */ = {
			isa = PBXSourcesBuildPhase;
			buildActionMask = 2147483647;
			files = (
				37F80877150D5BAE003B8DAA /* FESSolarCalculator.m in Sources */,
				37F8087F150D5CCD003B8DAA /* ViewController.m in Sources */,
				37F80882150D5D04003B8DAA /* main.m in Sources */,
				37F80883150D5D04003B8DAA /* AppDelegate.m in Sources */,
			);
			runOnlyForDeploymentPostprocessing = 0;
		};
		377E29D014E75E2700FF0388 /* Sources */ = {
			isa = PBXSourcesBuildPhase;
			buildActionMask = 2147483647;
			files = (
			);
			runOnlyForDeploymentPostprocessing = 0;
		};
/* End PBXSourcesBuildPhase section */

/* Begin PBXTargetDependency section */
		377E29DB14E75E2700FF0388 /* PBXTargetDependency */ = {
			isa = PBXTargetDependency;
			target = 377E29B014E75E2700FF0388 /* iOS_Example */;
			targetProxy = 377E29DA14E75E2700FF0388 /* PBXContainerItemProxy */;
		};
/* End PBXTargetDependency section */

/* Begin PBXVariantGroup section */
		373EEAFA150D574800493CE8 /* InfoPlist.strings */ = {
			isa = PBXVariantGroup;
			children = (
				373EEAFB150D574800493CE8 /* en */,
			);
			name = InfoPlist.strings;
			sourceTree = "<group>";
		};
		373EEB00150D574800493CE8 /* Credits.rtf */ = {
			isa = PBXVariantGroup;
			children = (
				373EEB01150D574800493CE8 /* en */,
			);
			name = Credits.rtf;
			sourceTree = "<group>";
		};
		373EEB06150D574900493CE8 /* MainMenu.xib */ = {
			isa = PBXVariantGroup;
			children = (
				373EEB07150D574900493CE8 /* en */,
			);
			name = MainMenu.xib;
			sourceTree = "<group>";
		};
		37F80872150D5A02003B8DAA /* InfoPlist.strings */ = {
			isa = PBXVariantGroup;
			children = (
				37F80873150D5A02003B8DAA /* en */,
			);
			name = InfoPlist.strings;
			sourceTree = "<group>";
		};
		37F80884150D5D6B003B8DAA /* InfoPlist.strings */ = {
			isa = PBXVariantGroup;
			children = (
				37F80885150D5D6B003B8DAA /* en */,
			);
			name = InfoPlist.strings;
			sourceTree = "<group>";
		};
		37F80888150D5D6B003B8DAA /* MainStoryboard_iPhone.storyboard */ = {
			isa = PBXVariantGroup;
			children = (
				37F80889150D5D6B003B8DAA /* en */,
			);
			name = MainStoryboard_iPhone.storyboard;
			sourceTree = "<group>";
		};
/* End PBXVariantGroup section */

/* Begin XCBuildConfiguration section */
		373EEB0A150D574900493CE8 /* Debug */ = {
			isa = XCBuildConfiguration;
			buildSettings = {
				ARCHS = "$(ARCHS_STANDARD_64_BIT)";
				FRAMEWORK_SEARCH_PATHS = (
					"$(inherited)",
					"\"$(SYSTEM_APPS_DIR)/Xcode.app/Contents/Developer/Library/Frameworks\"",
				);
				GCC_ENABLE_OBJC_EXCEPTIONS = YES;
				GCC_PRECOMPILE_PREFIX_HEADER = YES;
				GCC_PREFIX_HEADER = "MacOS_Example/MacOS_Example-Prefix.pch";
				GCC_WARN_64_TO_32_BIT_CONVERSION = YES;
				GCC_WARN_UNINITIALIZED_AUTOS = YES;
				INFOPLIST_FILE = "MacOS_Example/MacOS_Example-Info.plist";
				MACOSX_DEPLOYMENT_TARGET = 10.7;
				ONLY_ACTIVE_ARCH = YES;
				PRODUCT_NAME = "$(TARGET_NAME)";
				SDKROOT = macosx;
				WRAPPER_EXTENSION = app;
			};
			name = Debug;
		};
		373EEB0B150D574900493CE8 /* Release */ = {
			isa = XCBuildConfiguration;
			buildSettings = {
				ARCHS = "$(ARCHS_STANDARD_64_BIT)";
				DEBUG_INFORMATION_FORMAT = "dwarf-with-dsym";
				FRAMEWORK_SEARCH_PATHS = (
					"$(inherited)",
					"\"$(SYSTEM_APPS_DIR)/Xcode.app/Contents/Developer/Library/Frameworks\"",
				);
				GCC_ENABLE_OBJC_EXCEPTIONS = YES;
				GCC_PRECOMPILE_PREFIX_HEADER = YES;
				GCC_PREFIX_HEADER = "MacOS_Example/MacOS_Example-Prefix.pch";
				GCC_WARN_64_TO_32_BIT_CONVERSION = YES;
				GCC_WARN_UNINITIALIZED_AUTOS = YES;
				INFOPLIST_FILE = "MacOS_Example/MacOS_Example-Info.plist";
				MACOSX_DEPLOYMENT_TARGET = 10.7;
				PRODUCT_NAME = "$(TARGET_NAME)";
				SDKROOT = macosx;
				WRAPPER_EXTENSION = app;
			};
			name = Release;
		};
		377E29E514E75E2700FF0388 /* Debug */ = {
			isa = XCBuildConfiguration;
			buildSettings = {
				ALWAYS_SEARCH_USER_PATHS = NO;
				ARCHS = "$(ARCHS_STANDARD_32_BIT)";
				CLANG_ENABLE_OBJC_ARC = YES;
				"CODE_SIGN_IDENTITY[sdk=iphoneos*]" = "iPhone Developer";
				COPY_PHASE_STRIP = NO;
				GCC_C_LANGUAGE_STANDARD = gnu99;
				GCC_DYNAMIC_NO_PIC = NO;
				GCC_OPTIMIZATION_LEVEL = 0;
				GCC_PREPROCESSOR_DEFINITIONS = (
					"DEBUG=1",
					"$(inherited)",
				);
				GCC_SYMBOLS_PRIVATE_EXTERN = NO;
				GCC_VERSION = com.apple.compilers.llvm.clang.1_0;
				GCC_WARN_ABOUT_MISSING_PROTOTYPES = YES;
				GCC_WARN_ABOUT_RETURN_TYPE = YES;
				GCC_WARN_UNUSED_VARIABLE = YES;
				IPHONEOS_DEPLOYMENT_TARGET = 5.0;
				SDKROOT = iphoneos;
				TARGETED_DEVICE_FAMILY = 1;
			};
			name = Debug;
		};
		377E29E614E75E2700FF0388 /* Release */ = {
			isa = XCBuildConfiguration;
			buildSettings = {
				ALWAYS_SEARCH_USER_PATHS = NO;
				ARCHS = "$(ARCHS_STANDARD_32_BIT)";
				CLANG_ENABLE_OBJC_ARC = YES;
				"CODE_SIGN_IDENTITY[sdk=iphoneos*]" = "iPhone Developer";
				COPY_PHASE_STRIP = YES;
				GCC_C_LANGUAGE_STANDARD = gnu99;
				GCC_VERSION = com.apple.compilers.llvm.clang.1_0;
				GCC_WARN_ABOUT_MISSING_PROTOTYPES = YES;
				GCC_WARN_ABOUT_RETURN_TYPE = YES;
				GCC_WARN_UNUSED_VARIABLE = YES;
				IPHONEOS_DEPLOYMENT_TARGET = 5.0;
				OTHER_CFLAGS = "-DNS_BLOCK_ASSERTIONS=1";
				SDKROOT = iphoneos;
				TARGETED_DEVICE_FAMILY = 1;
				VALIDATE_PRODUCT = YES;
			};
			name = Release;
		};
		377E29E814E75E2700FF0388 /* Debug */ = {
			isa = XCBuildConfiguration;
			buildSettings = {
				GCC_PRECOMPILE_PREFIX_HEADER = YES;
				GCC_PREFIX_HEADER = "iOS_Example/iOS_Example-Prefix.pch";
				INFOPLIST_FILE = "iOS_Example/iOS_Example-Info.plist";
				PRODUCT_NAME = "$(TARGET_NAME)";
				WRAPPER_EXTENSION = app;
			};
			name = Debug;
		};
		377E29E914E75E2700FF0388 /* Release */ = {
			isa = XCBuildConfiguration;
			buildSettings = {
				GCC_PRECOMPILE_PREFIX_HEADER = YES;
				GCC_PREFIX_HEADER = "iOS_Example/iOS_Example-Prefix.pch";
				INFOPLIST_FILE = "iOS_Example/iOS_Example-Info.plist";
				PRODUCT_NAME = "$(TARGET_NAME)";
				WRAPPER_EXTENSION = app;
			};
			name = Release;
		};
		377E29EB14E75E2700FF0388 /* Debug */ = {
			isa = XCBuildConfiguration;
			buildSettings = {
				BUNDLE_LOADER = "$(BUILT_PRODUCTS_DIR)/SolarCalculatorExample.app/SolarCalculatorExample";
				FESSOLARCALCULATOR_DEBUG = "FESSOLARCALCULATOR_DEBUG=1";
				FRAMEWORK_SEARCH_PATHS = (
					"$(SDKROOT)/Developer/Library/Frameworks",
					"$(DEVELOPER_LIBRARY_DIR)/Frameworks",
				);
				GCC_PRECOMPILE_PREFIX_HEADER = YES;
				GCC_PREFIX_HEADER = "SolarCalculatorExample/SolarCalculatorExample-Prefix.pch";
				INFOPLIST_FILE = "SolarCalculatorTests/SolarCalculatorTests-Info.plist";
				PRODUCT_NAME = "$(TARGET_NAME)";
				TEST_HOST = "$(BUNDLE_LOADER)";
				WRAPPER_EXTENSION = octest;
			};
			name = Debug;
		};
		377E29EC14E75E2700FF0388 /* Release */ = {
			isa = XCBuildConfiguration;
			buildSettings = {
				BUNDLE_LOADER = "$(BUILT_PRODUCTS_DIR)/SolarCalculatorExample.app/SolarCalculatorExample";
				FESSOLARCALCULATOR_DEBUG = "FESSOLARCALCULATOR_DEBUG=1";
				FRAMEWORK_SEARCH_PATHS = (
					"$(SDKROOT)/Developer/Library/Frameworks",
					"$(DEVELOPER_LIBRARY_DIR)/Frameworks",
				);
				GCC_PRECOMPILE_PREFIX_HEADER = YES;
				GCC_PREFIX_HEADER = "SolarCalculatorExample/SolarCalculatorExample-Prefix.pch";
				INFOPLIST_FILE = "SolarCalculatorTests/SolarCalculatorTests-Info.plist";
				PRODUCT_NAME = "$(TARGET_NAME)";
				TEST_HOST = "$(BUNDLE_LOADER)";
				WRAPPER_EXTENSION = octest;
			};
			name = Release;
		};
/* End XCBuildConfiguration section */

/* Begin XCConfigurationList section */
		373EEB09150D574900493CE8 /* Build configuration list for PBXNativeTarget "MacOS_Example" */ = {
			isa = XCConfigurationList;
			buildConfigurations = (
				373EEB0A150D574900493CE8 /* Debug */,
				373EEB0B150D574900493CE8 /* Release */,
			);
			defaultConfigurationIsVisible = 0;
			defaultConfigurationName = Release;
		};
		377E29AB14E75E2600FF0388 /* Build configuration list for PBXProject "SolarCalculatorExample" */ = {
			isa = XCConfigurationList;
			buildConfigurations = (
				377E29E514E75E2700FF0388 /* Debug */,
				377E29E614E75E2700FF0388 /* Release */,
			);
			defaultConfigurationIsVisible = 0;
			defaultConfigurationName = Release;
		};
		377E29E714E75E2700FF0388 /* Build configuration list for PBXNativeTarget "iOS_Example" */ = {
			isa = XCConfigurationList;
			buildConfigurations = (
				377E29E814E75E2700FF0388 /* Debug */,
				377E29E914E75E2700FF0388 /* Release */,
			);
			defaultConfigurationIsVisible = 0;
			defaultConfigurationName = Release;
		};
		377E29EA14E75E2700FF0388 /* Build configuration list for PBXNativeTarget "SolarCalculatorTests" */ = {
			isa = XCConfigurationList;
			buildConfigurations = (
				377E29EB14E75E2700FF0388 /* Debug */,
				377E29EC14E75E2700FF0388 /* Release */,
			);
			defaultConfigurationIsVisible = 0;
			defaultConfigurationName = Release;
		};
/* End XCConfigurationList section */
	};
	rootObject = 377E29A814E75E2600FF0388 /* Project object */;
}
