// !$*UTF8*$!
{
	archiveVersion = 1;
	classes = {
	};
	objectVersion = 46;
	objects = {

/* Begin PBXBuildFile section */
		3716CA7114F1C49300417EDD /* CoreLocation.framework in Frameworks */ = {isa = PBXBuildFile; fileRef = 3716CA7014F1C49300417EDD /* CoreLocation.framework */; };
		3716CA7214F1C49A00417EDD /* CoreLocation.framework in Frameworks */ = {isa = PBXBuildFile; fileRef = 3716CA7014F1C49300417EDD /* CoreLocation.framework */; };
		377E29B614E75E2700FF0388 /* UIKit.framework in Frameworks */ = {isa = PBXBuildFile; fileRef = 377E29B514E75E2700FF0388 /* UIKit.framework */; };
		377E29B814E75E2700FF0388 /* Foundation.framework in Frameworks */ = {isa = PBXBuildFile; fileRef = 377E29B714E75E2700FF0388 /* Foundation.framework */; };
		377E29BA14E75E2700FF0388 /* CoreGraphics.framework in Frameworks */ = {isa = PBXBuildFile; fileRef = 377E29B914E75E2700FF0388 /* CoreGraphics.framework */; };
		377E29C014E75E2700FF0388 /* InfoPlist.strings in Resources */ = {isa = PBXBuildFile; fileRef = 377E29BE14E75E2700FF0388 /* InfoPlist.strings */; };
		377E29C214E75E2700FF0388 /* main.m in Sources */ = {isa = PBXBuildFile; fileRef = 377E29C114E75E2700FF0388 /* main.m */; };
		377E29C614E75E2700FF0388 /* AppDelegate.m in Sources */ = {isa = PBXBuildFile; fileRef = 377E29C514E75E2700FF0388 /* AppDelegate.m */; };
		377E29C914E75E2700FF0388 /* MainStoryboard_iPhone.storyboard in Resources */ = {isa = PBXBuildFile; fileRef = 377E29C714E75E2700FF0388 /* MainStoryboard_iPhone.storyboard */; };
		377E29CC14E75E2700FF0388 /* MainStoryboard_iPad.storyboard in Resources */ = {isa = PBXBuildFile; fileRef = 377E29CA14E75E2700FF0388 /* MainStoryboard_iPad.storyboard */; };
		377E29CF14E75E2700FF0388 /* ViewController.m in Sources */ = {isa = PBXBuildFile; fileRef = 377E29CE14E75E2700FF0388 /* ViewController.m */; };
		377E29D714E75E2700FF0388 /* SenTestingKit.framework in Frameworks */ = {isa = PBXBuildFile; fileRef = 377E29D614E75E2700FF0388 /* SenTestingKit.framework */; };
		377E29D814E75E2700FF0388 /* UIKit.framework in Frameworks */ = {isa = PBXBuildFile; fileRef = 377E29B514E75E2700FF0388 /* UIKit.framework */; };
		377E29D914E75E2700FF0388 /* Foundation.framework in Frameworks */ = {isa = PBXBuildFile; fileRef = 377E29B714E75E2700FF0388 /* Foundation.framework */; };
		377E29E114E75E2700FF0388 /* InfoPlist.strings in Resources */ = {isa = PBXBuildFile; fileRef = 377E29DF14E75E2700FF0388 /* InfoPlist.strings */; };
		377E29E414E75E2700FF0388 /* SolarCalculatorTests.m in Sources */ = {isa = PBXBuildFile; fileRef = 377E29E314E75E2700FF0388 /* SolarCalculatorTests.m */; };
		377E29F014E75EF000FF0388 /* FESSolarCalculator.m in Sources */ = {isa = PBXBuildFile; fileRef = 377E29EF14E75EF000FF0388 /* FESSolarCalculator.m */; };
/* End PBXBuildFile section */

/* Begin PBXContainerItemProxy section */
		377E29DA14E75E2700FF0388 /* PBXContainerItemProxy */ = {
			isa = PBXContainerItemProxy;
			containerPortal = 377E29A814E75E2600FF0388 /* Project object */;
			proxyType = 1;
			remoteGlobalIDString = 377E29B014E75E2700FF0388;
			remoteInfo = SolarCalculatorExample;
		};
/* End PBXContainerItemProxy section */

/* Begin PBXFileReference section */
		3716CA7014F1C49300417EDD /* CoreLocation.framework */ = {isa = PBXFileReference; lastKnownFileType = wrapper.framework; name = CoreLocation.framework; path = System/Library/Frameworks/CoreLocation.framework; sourceTree = SDKROOT; };
		377E29B114E75E2700FF0388 /* SolarCalculatorExample.app */ = {isa = PBXFileReference; explicitFileType = wrapper.application; includeInIndex = 0; path = SolarCalculatorExample.app; sourceTree = BUILT_PRODUCTS_DIR; };
		377E29B514E75E2700FF0388 /* UIKit.framework */ = {isa = PBXFileReference; lastKnownFileType = wrapper.framework; name = UIKit.framework; path = System/Library/Frameworks/UIKit.framework; sourceTree = SDKROOT; };
		377E29B714E75E2700FF0388 /* Foundation.framework */ = {isa = PBXFileReference; lastKnownFileType = wrapper.framework; name = Foundation.framework; path = System/Library/Frameworks/Foundation.framework; sourceTree = SDKROOT; };
		377E29B914E75E2700FF0388 /* CoreGraphics.framework */ = {isa = PBXFileReference; lastKnownFileType = wrapper.framework; name = CoreGraphics.framework; path = System/Library/Frameworks/CoreGraphics.framework; sourceTree = SDKROOT; };
		377E29BD14E75E2700FF0388 /* SolarCalculatorExample-Info.plist */ = {isa = PBXFileReference; lastKnownFileType = text.plist.xml; path = "SolarCalculatorExample-Info.plist"; sourceTree = "<group>"; };
		377E29BF14E75E2700FF0388 /* en */ = {isa = PBXFileReference; lastKnownFileType = text.plist.strings; name = en; path = en.lproj/InfoPlist.strings; sourceTree = "<group>"; };
		377E29C114E75E2700FF0388 /* main.m */ = {isa = PBXFileReference; lastKnownFileType = sourcecode.c.objc; path = main.m; sourceTree = "<group>"; };
		377E29C314E75E2700FF0388 /* SolarCalculatorExample-Prefix.pch */ = {isa = PBXFileReference; lastKnownFileType = sourcecode.c.h; path = "SolarCalculatorExample-Prefix.pch"; sourceTree = "<group>"; };
		377E29C414E75E2700FF0388 /* AppDelegate.h */ = {isa = PBXFileReference; lastKnownFileType = sourcecode.c.h; path = AppDelegate.h; sourceTree = "<group>"; };
		377E29C514E75E2700FF0388 /* AppDelegate.m */ = {isa = PBXFileReference; lastKnownFileType = sourcecode.c.objc; path = AppDelegate.m; sourceTree = "<group>"; };
		377E29C814E75E2700FF0388 /* en */ = {isa = PBXFileReference; lastKnownFileType = file.storyboard; name = en; path = en.lproj/MainStoryboard_iPhone.storyboard; sourceTree = "<group>"; };
		377E29CB14E75E2700FF0388 /* en */ = {isa = PBXFileReference; lastKnownFileType = file.storyboard; name = en; path = en.lproj/MainStoryboard_iPad.storyboard; sourceTree = "<group>"; };
		377E29CD14E75E2700FF0388 /* ViewController.h */ = {isa = PBXFileReference; lastKnownFileType = sourcecode.c.h; path = ViewController.h; sourceTree = "<group>"; };
		377E29CE14E75E2700FF0388 /* ViewController.m */ = {isa = PBXFileReference; lastKnownFileType = sourcecode.c.objc; path = ViewController.m; sourceTree = "<group>"; };
		377E29D514E75E2700FF0388 /* SolarCalculatorExampleTests.octest */ = {isa = PBXFileReference; explicitFileType = wrapper.cfbundle; includeInIndex = 0; path = SolarCalculatorExampleTests.octest; sourceTree = BUILT_PRODUCTS_DIR; };
		377E29D614E75E2700FF0388 /* SenTestingKit.framework */ = {isa = PBXFileReference; lastKnownFileType = wrapper.framework; name = SenTestingKit.framework; path = Library/Frameworks/SenTestingKit.framework; sourceTree = DEVELOPER_DIR; };
		377E29DE14E75E2700FF0388 /* SolarCalculatorExampleTests-Info.plist */ = {isa = PBXFileReference; lastKnownFileType = text.plist.xml; path = "SolarCalculatorExampleTests-Info.plist"; sourceTree = "<group>"; };
		377E29E014E75E2700FF0388 /* en */ = {isa = PBXFileReference; lastKnownFileType = text.plist.strings; name = en; path = en.lproj/InfoPlist.strings; sourceTree = "<group>"; };
		377E29E214E75E2700FF0388 /* SolarCalculatorTests.h */ = {isa = PBXFileReference; path = SolarCalculatorTests.h; sourceTree = "<group>"; };
		377E29E314E75E2700FF0388 /* SolarCalculatorTests.m */ = {isa = PBXFileReference; lastKnownFileType = sourcecode.c.objc; path = SolarCalculatorTests.m; sourceTree = "<group>"; };
		377E29EE14E75EF000FF0388 /* FESSolarCalculator.h */ = {isa = PBXFileReference; fileEncoding = 4; lastKnownFileType = sourcecode.c.h; name = FESSolarCalculator.h; path = ../Source/FESSolarCalculator.h; sourceTree = "<group>"; };
		377E29EF14E75EF000FF0388 /* FESSolarCalculator.m */ = {isa = PBXFileReference; fileEncoding = 4; lastKnownFileType = sourcecode.c.objc; name = FESSolarCalculator.m; path = ../Source/FESSolarCalculator.m; sourceTree = "<group>"; };
/* End PBXFileReference section */

/* Begin PBXFrameworksBuildPhase section */
		377E29AE14E75E2700FF0388 /* Frameworks */ = {
			isa = PBXFrameworksBuildPhase;
			buildActionMask = 2147483647;
			files = (
				3716CA7214F1C49A00417EDD /* CoreLocation.framework in Frameworks */,
				377E29B614E75E2700FF0388 /* UIKit.framework in Frameworks */,
				377E29B814E75E2700FF0388 /* Foundation.framework in Frameworks */,
				377E29BA14E75E2700FF0388 /* CoreGraphics.framework in Frameworks */,
			);
			runOnlyForDeploymentPostprocessing = 0;
		};
		377E29D114E75E2700FF0388 /* Frameworks */ = {
			isa = PBXFrameworksBuildPhase;
			buildActionMask = 2147483647;
			files = (
				3716CA7114F1C49300417EDD /* CoreLocation.framework in Frameworks */,
				377E29D714E75E2700FF0388 /* SenTestingKit.framework in Frameworks */,
				377E29D814E75E2700FF0388 /* UIKit.framework in Frameworks */,
				377E29D914E75E2700FF0388 /* Foundation.framework in Frameworks */,
			);
			runOnlyForDeploymentPostprocessing = 0;
		};
/* End PBXFrameworksBuildPhase section */

/* Begin PBXGroup section */
		377E29A614E75E2600FF0388 = {
			isa = PBXGroup;
			children = (
				3716CA7014F1C49300417EDD /* CoreLocation.framework */,
				377E29ED14E75EAC00FF0388 /* FESSolarCalculator */,
				377E29BB14E75E2700FF0388 /* SolarCalculatorExample */,
				377E29DC14E75E2700FF0388 /* SolarCalculatorTests */,
				377E29B414E75E2700FF0388 /* Frameworks */,
				377E29B214E75E2700FF0388 /* Products */,
			);
			sourceTree = "<group>";
		};
		377E29B214E75E2700FF0388 /* Products */ = {
			isa = PBXGroup;
			children = (
				377E29B114E75E2700FF0388 /* SolarCalculatorExample.app */,
				377E29D514E75E2700FF0388 /* SolarCalculatorExampleTests.octest */,
			);
			name = Products;
			sourceTree = "<group>";
		};
		377E29B414E75E2700FF0388 /* Frameworks */ = {
			isa = PBXGroup;
			children = (
				377E29B514E75E2700FF0388 /* UIKit.framework */,
				377E29B714E75E2700FF0388 /* Foundation.framework */,
				377E29B914E75E2700FF0388 /* CoreGraphics.framework */,
				377E29D614E75E2700FF0388 /* SenTestingKit.framework */,
			);
			name = Frameworks;
			sourceTree = "<group>";
		};
		377E29BB14E75E2700FF0388 /* SolarCalculatorExample */ = {
			isa = PBXGroup;
			children = (
				377E29C414E75E2700FF0388 /* AppDelegate.h */,
				377E29C514E75E2700FF0388 /* AppDelegate.m */,
				377E29C714E75E2700FF0388 /* MainStoryboard_iPhone.storyboard */,
				377E29CA14E75E2700FF0388 /* MainStoryboard_iPad.storyboard */,
				377E29CD14E75E2700FF0388 /* ViewController.h */,
				377E29CE14E75E2700FF0388 /* ViewController.m */,
				377E29BC14E75E2700FF0388 /* Supporting Files */,
			);
			path = SolarCalculatorExample;
			sourceTree = "<group>";
		};
		377E29BC14E75E2700FF0388 /* Supporting Files */ = {
			isa = PBXGroup;
			children = (
				377E29BD14E75E2700FF0388 /* SolarCalculatorExample-Info.plist */,
				377E29BE14E75E2700FF0388 /* InfoPlist.strings */,
				377E29C114E75E2700FF0388 /* main.m */,
				377E29C314E75E2700FF0388 /* SolarCalculatorExample-Prefix.pch */,
			);
			name = "Supporting Files";
			sourceTree = "<group>";
		};
		377E29DC14E75E2700FF0388 /* SolarCalculatorTests */ = {
			isa = PBXGroup;
			children = (
				377E29E214E75E2700FF0388 /* SolarCalculatorTests.h */,
				377E29E314E75E2700FF0388 /* SolarCalculatorTests.m */,
				377E29DD14E75E2700FF0388 /* Supporting Files */,
			);
			name = SolarCalculatorTests;
			path = SolarCalculatorExampleTests;
			sourceTree = "<group>";
		};
		377E29DD14E75E2700FF0388 /* Supporting Files */ = {
			isa = PBXGroup;
			children = (
				377E29DE14E75E2700FF0388 /* SolarCalculatorExampleTests-Info.plist */,
				377E29DF14E75E2700FF0388 /* InfoPlist.strings */,
			);
			name = "Supporting Files";
			sourceTree = "<group>";
		};
		377E29ED14E75EAC00FF0388 /* FESSolarCalculator */ = {
			isa = PBXGroup;
			children = (
				377E29EE14E75EF000FF0388 /* FESSolarCalculator.h */,
				377E29EF14E75EF000FF0388 /* FESSolarCalculator.m */,
			);
			name = FESSolarCalculator;
			sourceTree = "<group>";
		};
/* End PBXGroup section */

/* Begin PBXNativeTarget section */
		377E29B014E75E2700FF0388 /* iOS_Example */ = {
			isa = PBXNativeTarget;
			buildConfigurationList = 377E29E714E75E2700FF0388 /* Build configuration list for PBXNativeTarget "iOS_Example" */;
			buildPhases = (
				377E29AD14E75E2700FF0388 /* Sources */,
				377E29AE14E75E2700FF0388 /* Frameworks */,
				377E29AF14E75E2700FF0388 /* Resources */,
			);
			buildRules = (
			);
			dependencies = (
			);
			name = iOS_Example;
			productName = SolarCalculatorExample;
			productReference = 377E29B114E75E2700FF0388 /* SolarCalculatorExample.app */;
			productType = "com.apple.product-type.application";
		};
		377E29D414E75E2700FF0388 /* SolarCalculatorTests */ = {
			isa = PBXNativeTarget;
			buildConfigurationList = 377E29EA14E75E2700FF0388 /* Build configuration list for PBXNativeTarget "SolarCalculatorTests" */;
			buildPhases = (
				377E29D014E75E2700FF0388 /* Sources */,
				377E29D114E75E2700FF0388 /* Frameworks */,
				377E29D214E75E2700FF0388 /* Resources */,
				377E29D314E75E2700FF0388 /* ShellScript */,
			);
			buildRules = (
			);
			dependencies = (
				377E29DB14E75E2700FF0388 /* PBXTargetDependency */,
			);
			name = SolarCalculatorTests;
			productName = SolarCalculatorExampleTests;
			productReference = 377E29D514E75E2700FF0388 /* SolarCalculatorExampleTests.octest */;
			productType = "com.apple.product-type.bundle";
		};
/* End PBXNativeTarget section */

/* Begin PBXProject section */
		377E29A814E75E2600FF0388 /* Project object */ = {
			isa = PBXProject;
			attributes = {
				LastUpgradeCheck = 0430;
			};
			buildConfigurationList = 377E29AB14E75E2600FF0388 /* Build configuration list for PBXProject "SolarCalculatorExample" */;
			compatibilityVersion = "Xcode 3.2";
			developmentRegion = English;
			hasScannedForEncodings = 0;
			knownRegions = (
				en,
			);
			mainGroup = 377E29A614E75E2600FF0388;
			productRefGroup = 377E29B214E75E2700FF0388 /* Products */;
			projectDirPath = "";
			projectRoot = "";
			targets = (
				377E29B014E75E2700FF0388 /* iOS_Example */,
				377E29D414E75E2700FF0388 /* SolarCalculatorTests */,
			);
		};
/* End PBXProject section */

/* Begin PBXResourcesBuildPhase section */
		377E29AF14E75E2700FF0388 /* Resources */ = {
			isa = PBXResourcesBuildPhase;
			buildActionMask = 2147483647;
			files = (
				377E29C014E75E2700FF0388 /* InfoPlist.strings in Resources */,
				377E29C914E75E2700FF0388 /* MainStoryboard_iPhone.storyboard in Resources */,
				377E29CC14E75E2700FF0388 /* MainStoryboard_iPad.storyboard in Resources */,
			);
			runOnlyForDeploymentPostprocessing = 0;
		};
		377E29D214E75E2700FF0388 /* Resources */ = {
			isa = PBXResourcesBuildPhase;
			buildActionMask = 2147483647;
			files = (
				377E29E114E75E2700FF0388 /* InfoPlist.strings in Resources */,
			);
			runOnlyForDeploymentPostprocessing = 0;
		};
/* End PBXResourcesBuildPhase section */

/* Begin PBXShellScriptBuildPhase section */
		377E29D314E75E2700FF0388 /* ShellScript */ = {
			isa = PBXShellScriptBuildPhase;
			buildActionMask = 2147483647;
			files = (
			);
			inputPaths = (
			);
			outputPaths = (
			);
			runOnlyForDeploymentPostprocessing = 0;
			shellPath = /bin/sh;
			shellScript = "# Run the unit tests in this test bundle.\n\"${SYSTEM_DEVELOPER_DIR}/Tools/RunUnitTests\"\n";
		};
/* End PBXShellScriptBuildPhase section */

/* Begin PBXSourcesBuildPhase section */
		377E29AD14E75E2700FF0388 /* Sources */ = {
			isa = PBXSourcesBuildPhase;
			buildActionMask = 2147483647;
			files = (
				377E29C214E75E2700FF0388 /* main.m in Sources */,
				377E29C614E75E2700FF0388 /* AppDelegate.m in Sources */,
				377E29CF14E75E2700FF0388 /* ViewController.m in Sources */,
				377E29F014E75EF000FF0388 /* FESSolarCalculator.m in Sources */,
			);
			runOnlyForDeploymentPostprocessing = 0;
		};
		377E29D014E75E2700FF0388 /* Sources */ = {
			isa = PBXSourcesBuildPhase;
			buildActionMask = 2147483647;
			files = (
				377E29E414E75E2700FF0388 /* SolarCalculatorTests.m in Sources */,
			);
			runOnlyForDeploymentPostprocessing = 0;
		};
/* End PBXSourcesBuildPhase section */

/* Begin PBXTargetDependency section */
		377E29DB14E75E2700FF0388 /* PBXTargetDependency */ = {
			isa = PBXTargetDependency;
			target = 377E29B014E75E2700FF0388 /* iOS_Example */;
			targetProxy = 377E29DA14E75E2700FF0388 /* PBXContainerItemProxy */;
		};
/* End PBXTargetDependency section */

/* Begin PBXVariantGroup section */
		377E29BE14E75E2700FF0388 /* InfoPlist.strings */ = {
			isa = PBXVariantGroup;
			children = (
				377E29BF14E75E2700FF0388 /* en */,
			);
			name = InfoPlist.strings;
			sourceTree = "<group>";
		};
		377E29C714E75E2700FF0388 /* MainStoryboard_iPhone.storyboard */ = {
			isa = PBXVariantGroup;
			children = (
				377E29C814E75E2700FF0388 /* en */,
			);
			name = MainStoryboard_iPhone.storyboard;
			sourceTree = "<group>";
		};
		377E29CA14E75E2700FF0388 /* MainStoryboard_iPad.storyboard */ = {
			isa = PBXVariantGroup;
			children = (
				377E29CB14E75E2700FF0388 /* en */,
			);
			name = MainStoryboard_iPad.storyboard;
			sourceTree = "<group>";
		};
		377E29DF14E75E2700FF0388 /* InfoPlist.strings */ = {
			isa = PBXVariantGroup;
			children = (
				377E29E014E75E2700FF0388 /* en */,
			);
			name = InfoPlist.strings;
			sourceTree = "<group>";
		};
/* End PBXVariantGroup section */

/* Begin XCBuildConfiguration section */
		377E29E514E75E2700FF0388 /* Debug */ = {
			isa = XCBuildConfiguration;
			buildSettings = {
				ALWAYS_SEARCH_USER_PATHS = NO;
				ARCHS = "$(ARCHS_STANDARD_32_BIT)";
				CLANG_ENABLE_OBJC_ARC = YES;
				"CODE_SIGN_IDENTITY[sdk=iphoneos*]" = "iPhone Developer";
				COPY_PHASE_STRIP = NO;
				GCC_C_LANGUAGE_STANDARD = gnu99;
				GCC_DYNAMIC_NO_PIC = NO;
				GCC_OPTIMIZATION_LEVEL = 0;
				GCC_PREPROCESSOR_DEFINITIONS = (
					"DEBUG=1",
					"$(inherited)",
				);
				GCC_SYMBOLS_PRIVATE_EXTERN = NO;
				GCC_VERSION = com.apple.compilers.llvm.clang.1_0;
				GCC_WARN_ABOUT_MISSING_PROTOTYPES = YES;
				GCC_WARN_ABOUT_RETURN_TYPE = YES;
				GCC_WARN_UNUSED_VARIABLE = YES;
				IPHONEOS_DEPLOYMENT_TARGET = 5.0;
				SDKROOT = iphoneos;
				TARGETED_DEVICE_FAMILY = "1,2";
			};
			name = Debug;
		};
		377E29E614E75E2700FF0388 /* Release */ = {
			isa = XCBuildConfiguration;
			buildSettings = {
				ALWAYS_SEARCH_USER_PATHS = NO;
				ARCHS = "$(ARCHS_STANDARD_32_BIT)";
				CLANG_ENABLE_OBJC_ARC = YES;
				"CODE_SIGN_IDENTITY[sdk=iphoneos*]" = "iPhone Developer";
				COPY_PHASE_STRIP = YES;
				GCC_C_LANGUAGE_STANDARD = gnu99;
				GCC_VERSION = com.apple.compilers.llvm.clang.1_0;
				GCC_WARN_ABOUT_MISSING_PROTOTYPES = YES;
				GCC_WARN_ABOUT_RETURN_TYPE = YES;
				GCC_WARN_UNUSED_VARIABLE = YES;
				IPHONEOS_DEPLOYMENT_TARGET = 5.0;
				OTHER_CFLAGS = "-DNS_BLOCK_ASSERTIONS=1";
				SDKROOT = iphoneos;
				TARGETED_DEVICE_FAMILY = "1,2";
				VALIDATE_PRODUCT = YES;
			};
			name = Release;
		};
		377E29E814E75E2700FF0388 /* Debug */ = {
			isa = XCBuildConfiguration;
			buildSettings = {
				FESSOLARCALCULATOR_DEBUG = "FESSOLARCALCULATOR_DEBUG=1";
				GCC_PRECOMPILE_PREFIX_HEADER = YES;
				GCC_PREFIX_HEADER = "SolarCalculatorExample/SolarCalculatorExample-Prefix.pch";
				INFOPLIST_FILE = "SolarCalculatorExample/SolarCalculatorExample-Info.plist";
				PRODUCT_NAME = "$(TARGET_NAME)";
				WRAPPER_EXTENSION = app;
			};
			name = Debug;
		};
		377E29E914E75E2700FF0388 /* Release */ = {
			isa = XCBuildConfiguration;
			buildSettings = {
				FESSOLARCALCULATOR_DEBUG = "FESSOLARCALCULATOR_DEBUG=0";
				GCC_PRECOMPILE_PREFIX_HEADER = YES;
				GCC_PREFIX_HEADER = "SolarCalculatorExample/SolarCalculatorExample-Prefix.pch";
				INFOPLIST_FILE = "SolarCalculatorExample/SolarCalculatorExample-Info.plist";
				PRODUCT_NAME = "$(TARGET_NAME)";
				WRAPPER_EXTENSION = app;
			};
			name = Release;
		};
		377E29EB14E75E2700FF0388 /* Debug */ = {
			isa = XCBuildConfiguration;
			buildSettings = {
				BUNDLE_LOADER = "$(BUILT_PRODUCTS_DIR)/SolarCalculatorExample.app/SolarCalculatorExample";
				FESSOLARCALCULATOR_DEBUG = "FESSOLARCALCULATOR_DEBUG=1";
				FRAMEWORK_SEARCH_PATHS = (
					"$(SDKROOT)/Developer/Library/Frameworks",
					"$(DEVELOPER_LIBRARY_DIR)/Frameworks",
				);
				GCC_PRECOMPILE_PREFIX_HEADER = YES;
				GCC_PREFIX_HEADER = "SolarCalculatorExample/SolarCalculatorExample-Prefix.pch";
				INFOPLIST_FILE = "SolarCalculatorExampleTests/SolarCalculatorExampleTests-Info.plist";
				PRODUCT_NAME = "$(TARGET_NAME)";
				TEST_HOST = "$(BUNDLE_LOADER)";
				WRAPPER_EXTENSION = octest;
			};
			name = Debug;
		};
		377E29EC14E75E2700FF0388 /* Release */ = {
			isa = XCBuildConfiguration;
			buildSettings = {
				BUNDLE_LOADER = "$(BUILT_PRODUCTS_DIR)/SolarCalculatorExample.app/SolarCalculatorExample";
				FESSOLARCALCULATOR_DEBUG = "FESSOLARCALCULATOR_DEBUG=1";
				FRAMEWORK_SEARCH_PATHS = (
					"$(SDKROOT)/Developer/Library/Frameworks",
					"$(DEVELOPER_LIBRARY_DIR)/Frameworks",
				);
				GCC_PRECOMPILE_PREFIX_HEADER = YES;
				GCC_PREFIX_HEADER = "SolarCalculatorExample/SolarCalculatorExample-Prefix.pch";
				INFOPLIST_FILE = "SolarCalculatorExampleTests/SolarCalculatorExampleTests-Info.plist";
				PRODUCT_NAME = "$(TARGET_NAME)";
				TEST_HOST = "$(BUNDLE_LOADER)";
				WRAPPER_EXTENSION = octest;
			};
			name = Release;
		};
/* End XCBuildConfiguration section */

/* Begin XCConfigurationList section */
		377E29AB14E75E2600FF0388 /* Build configuration list for PBXProject "SolarCalculatorExample" */ = {
			isa = XCConfigurationList;
			buildConfigurations = (
				377E29E514E75E2700FF0388 /* Debug */,
				377E29E614E75E2700FF0388 /* Release */,
			);
			defaultConfigurationIsVisible = 0;
			defaultConfigurationName = Release;
		};
		377E29E714E75E2700FF0388 /* Build configuration list for PBXNativeTarget "iOS_Example" */ = {
			isa = XCConfigurationList;
			buildConfigurations = (
				377E29E814E75E2700FF0388 /* Debug */,
				377E29E914E75E2700FF0388 /* Release */,
			);
			defaultConfigurationIsVisible = 0;
			defaultConfigurationName = Release;
		};
		377E29EA14E75E2700FF0388 /* Build configuration list for PBXNativeTarget "SolarCalculatorTests" */ = {
			isa = XCConfigurationList;
			buildConfigurations = (
				377E29EB14E75E2700FF0388 /* Debug */,
				377E29EC14E75E2700FF0388 /* Release */,
			);
			defaultConfigurationIsVisible = 0;
			defaultConfigurationName = Release;
		};
/* End XCConfigurationList section */
	};
	rootObject = 377E29A814E75E2600FF0388 /* Project object */;
}
